
Microsoft Visual Studio Solution File, Format Version 12.00
# Visual Studio Version 17
VisualStudioVersion = 17.6.33829.357
MinimumVisualStudioVersion = 10.0.40219.1
Project("{FAE04EC0-301F-11D3-BF4B-00C04F79EFBC}") = "ServerChat", "ServerChat\ServerChat.csproj", "{2262A90C-B024-4543-82DD-44EF6B76CEA5}"
EndProject
Project("{FAE04EC0-301F-11D3-BF4B-00C04F79EFBC}") = "ClientChat", "ClientChat\ClientChat.csproj", "{AEACEA62-3672-4591-BD6D-9B6D4F501C62}"
EndProject
Global
	GlobalSection(SolutionConfigurationPlatforms) = preSolution
		Debug|Any CPU = Debug|Any CPU
		Release|Any CPU = Release|Any CPU
	EndGlobalSection
	GlobalSection(ProjectConfigurationPlatforms) = postSolution
		{2262A90C-B024-4543-82DD-44EF6B76CEA5}.Debug|Any CPU.ActiveCfg = Debug|Any CPU
		{2262A90C-B024-4543-82DD-44EF6B76CEA5}.Debug|Any CPU.Build.0 = Debug|Any CPU
		{2262A90C-B024-4543-82DD-44EF6B76CEA5}.Release|Any CPU.ActiveCfg = Release|Any CPU
		{2262A90C-B024-4543-82DD-44EF6B76CEA5}.Release|Any CPU.Build.0 = Release|Any CPU
		{AEACEA62-3672-4591-BD6D-9B6D4F501C62}.Debug|Any CPU.ActiveCfg = Debug|Any CPU
		{AEACEA62-3672-4591-BD6D-9B6D4F501C62}.Debug|Any CPU.Build.0 = Debug|Any CPU
		{AEACEA62-3672-4591-BD6D-9B6D4F501C62}.Release|Any CPU.ActiveCfg = Release|Any CPU
		{AEACEA62-3672-4591-BD6D-9B6D4F501C62}.Release|Any CPU.Build.0 = Release|Any CPU
	EndGlobalSection
	GlobalSection(SolutionProperties) = preSolution
		HideSolutionNode = FALSE
	EndGlobalSection
	GlobalSection(ExtensibilityGlobals) = postSolution
		SolutionGuid = {3B7640CB-8D1A-4211-821E-6786EF0C41FB}
	EndGlobalSection
EndGlobal
